
Microsoft Visual Studio Solution File, Format Version 12.00
# Visual Studio Version 16
VisualStudioVersion = 16.6.30114.105
MinimumVisualStudioVersion = 10.0.40219.1
Project("{9A19103F-16F7-4668-BE54-9A1E7A4F7556}") = "Autobarn.Website", "Autobarn.Website\Autobarn.Website.csproj", "{BA806410-F779-461A-B4F1-D97D7289FB5B}"
EndProject
Project("{9A19103F-16F7-4668-BE54-9A1E7A4F7556}") = "Autobarn.Data", "Autobarn.Data\Autobarn.Data.csproj", "{8B6C8131-EBC3-4DE2-8CE6-707484BA1BAE}"
EndProject
Project("{9A19103F-16F7-4668-BE54-9A1E7A4F7556}") = "Autobarn.Website.Tests", "Autobarn.Website.Tests\Autobarn.Website.Tests.csproj", "{39C4F7B7-43D1-493F-97EE-E7C57D6C7F07}"
EndProject
Project("{FAE04EC0-301F-11D3-BF4B-00C04F79EFBC}") = "Autobarn.Messages", "Autobarn.Messages\Autobarn.Messages.csproj", "{8A9809FB-ECDB-4DE6-824D-47FC7666CFF4}"
EndProject
Project("{FAE04EC0-301F-11D3-BF4B-00C04F79EFBC}") = "Autobarn.AuditLog", "Autobarn.AuditLog\Autobarn.AuditLog.csproj", "{5CE668F8-7A19-415D-B7F9-8D962A6FA712}"
EndProject
Project("{FAE04EC0-301F-11D3-BF4B-00C04F79EFBC}") = "Autobarn.PricingServer", "Autobarn.PricingServer\Autobarn.PricingServer.csproj", "{0490FEFA-7317-41DC-92C6-65B4B8CED371}"
EndProject
Project("{FAE04EC0-301F-11D3-BF4B-00C04F79EFBC}") = "Autobarn.PricingClient", "Autobarn.PricingClient\Autobarn.PricingClient.csproj", "{F45292B2-15E7-4235-B351-4E308D0B01EC}"
EndProject
Project("{FAE04EC0-301F-11D3-BF4B-00C04F79EFBC}") = "Autobarn.Notifier", "Autobarn.Notifier\Autobarn.Notifier.csproj", "{AA3B51EF-0715-4BF7-8FE2-0DED24EC6D43}"
EndProject
Global
	GlobalSection(SolutionConfigurationPlatforms) = preSolution
		Debug|Any CPU = Debug|Any CPU
		Debug|x64 = Debug|x64
		Debug|x86 = Debug|x86
		Release|Any CPU = Release|Any CPU
		Release|x64 = Release|x64
		Release|x86 = Release|x86
	EndGlobalSection
	GlobalSection(ProjectConfigurationPlatforms) = postSolution
		{BA806410-F779-461A-B4F1-D97D7289FB5B}.Debug|Any CPU.ActiveCfg = Debug|Any CPU
		{BA806410-F779-461A-B4F1-D97D7289FB5B}.Debug|Any CPU.Build.0 = Debug|Any CPU
		{BA806410-F779-461A-B4F1-D97D7289FB5B}.Debug|x64.ActiveCfg = Debug|Any CPU
		{BA806410-F779-461A-B4F1-D97D7289FB5B}.Debug|x64.Build.0 = Debug|Any CPU
		{BA806410-F779-461A-B4F1-D97D7289FB5B}.Debug|x86.ActiveCfg = Debug|Any CPU
		{BA806410-F779-461A-B4F1-D97D7289FB5B}.Debug|x86.Build.0 = Debug|Any CPU
		{BA806410-F779-461A-B4F1-D97D7289FB5B}.Release|Any CPU.ActiveCfg = Release|Any CPU
		{BA806410-F779-461A-B4F1-D97D7289FB5B}.Release|Any CPU.Build.0 = Release|Any CPU
		{BA806410-F779-461A-B4F1-D97D7289FB5B}.Release|x64.ActiveCfg = Release|Any CPU
		{BA806410-F779-461A-B4F1-D97D7289FB5B}.Release|x64.Build.0 = Release|Any CPU
		{BA806410-F779-461A-B4F1-D97D7289FB5B}.Release|x86.ActiveCfg = Release|Any CPU
		{BA806410-F779-461A-B4F1-D97D7289FB5B}.Release|x86.Build.0 = Release|Any CPU
		{8B6C8131-EBC3-4DE2-8CE6-707484BA1BAE}.Debug|Any CPU.ActiveCfg = Debug|Any CPU
		{8B6C8131-EBC3-4DE2-8CE6-707484BA1BAE}.Debug|Any CPU.Build.0 = Debug|Any CPU
		{8B6C8131-EBC3-4DE2-8CE6-707484BA1BAE}.Debug|x64.ActiveCfg = Debug|Any CPU
		{8B6C8131-EBC3-4DE2-8CE6-707484BA1BAE}.Debug|x64.Build.0 = Debug|Any CPU
		{8B6C8131-EBC3-4DE2-8CE6-707484BA1BAE}.Debug|x86.ActiveCfg = Debug|Any CPU
		{8B6C8131-EBC3-4DE2-8CE6-707484BA1BAE}.Debug|x86.Build.0 = Debug|Any CPU
		{8B6C8131-EBC3-4DE2-8CE6-707484BA1BAE}.Release|Any CPU.ActiveCfg = Release|Any CPU
		{8B6C8131-EBC3-4DE2-8CE6-707484BA1BAE}.Release|Any CPU.Build.0 = Release|Any CPU
		{8B6C8131-EBC3-4DE2-8CE6-707484BA1BAE}.Release|x64.ActiveCfg = Release|Any CPU
		{8B6C8131-EBC3-4DE2-8CE6-707484BA1BAE}.Release|x64.Build.0 = Release|Any CPU
		{8B6C8131-EBC3-4DE2-8CE6-707484BA1BAE}.Release|x86.ActiveCfg = Release|Any CPU
		{8B6C8131-EBC3-4DE2-8CE6-707484BA1BAE}.Release|x86.Build.0 = Release|Any CPU
		{39C4F7B7-43D1-493F-97EE-E7C57D6C7F07}.Debug|Any CPU.ActiveCfg = Debug|Any CPU
		{39C4F7B7-43D1-493F-97EE-E7C57D6C7F07}.Debug|Any CPU.Build.0 = Debug|Any CPU
		{39C4F7B7-43D1-493F-97EE-E7C57D6C7F07}.Debug|x64.ActiveCfg = Debug|Any CPU
		{39C4F7B7-43D1-493F-97EE-E7C57D6C7F07}.Debug|x64.Build.0 = Debug|Any CPU
		{39C4F7B7-43D1-493F-97EE-E7C57D6C7F07}.Debug|x86.ActiveCfg = Debug|Any CPU
		{39C4F7B7-43D1-493F-97EE-E7C57D6C7F07}.Debug|x86.Build.0 = Debug|Any CPU
		{39C4F7B7-43D1-493F-97EE-E7C57D6C7F07}.Release|Any CPU.ActiveCfg = Release|Any CPU
		{39C4F7B7-43D1-493F-97EE-E7C57D6C7F07}.Release|Any CPU.Build.0 = Release|Any CPU
		{39C4F7B7-43D1-493F-97EE-E7C57D6C7F07}.Release|x64.ActiveCfg = Release|Any CPU
		{39C4F7B7-43D1-493F-97EE-E7C57D6C7F07}.Release|x64.Build.0 = Release|Any CPU
		{39C4F7B7-43D1-493F-97EE-E7C57D6C7F07}.Release|x86.ActiveCfg = Release|Any CPU
		{39C4F7B7-43D1-493F-97EE-E7C57D6C7F07}.Release|x86.Build.0 = Release|Any CPU
		{8A9809FB-ECDB-4DE6-824D-47FC7666CFF4}.Debug|Any CPU.ActiveCfg = Debug|Any CPU
		{8A9809FB-ECDB-4DE6-824D-47FC7666CFF4}.Debug|Any CPU.Build.0 = Debug|Any CPU
		{8A9809FB-ECDB-4DE6-824D-47FC7666CFF4}.Debug|x64.ActiveCfg = Debug|Any CPU
		{8A9809FB-ECDB-4DE6-824D-47FC7666CFF4}.Debug|x64.Build.0 = Debug|Any CPU
		{8A9809FB-ECDB-4DE6-824D-47FC7666CFF4}.Debug|x86.ActiveCfg = Debug|Any CPU
		{8A9809FB-ECDB-4DE6-824D-47FC7666CFF4}.Debug|x86.Build.0 = Debug|Any CPU
		{8A9809FB-ECDB-4DE6-824D-47FC7666CFF4}.Release|Any CPU.ActiveCfg = Release|Any CPU
		{8A9809FB-ECDB-4DE6-824D-47FC7666CFF4}.Release|Any CPU.Build.0 = Release|Any CPU
		{8A9809FB-ECDB-4DE6-824D-47FC7666CFF4}.Release|x64.ActiveCfg = Release|Any CPU
		{8A9809FB-ECDB-4DE6-824D-47FC7666CFF4}.Release|x64.Build.0 = Release|Any CPU
		{8A9809FB-ECDB-4DE6-824D-47FC7666CFF4}.Release|x86.ActiveCfg = Release|Any CPU
		{8A9809FB-ECDB-4DE6-824D-47FC7666CFF4}.Release|x86.Build.0 = Release|Any CPU
		{5CE668F8-7A19-415D-B7F9-8D962A6FA712}.Debug|Any CPU.ActiveCfg = Debug|Any CPU
		{5CE668F8-7A19-415D-B7F9-8D962A6FA712}.Debug|Any CPU.Build.0 = Debug|Any CPU
		{5CE668F8-7A19-415D-B7F9-8D962A6FA712}.Debug|x64.ActiveCfg = Debug|Any CPU
		{5CE668F8-7A19-415D-B7F9-8D962A6FA712}.Debug|x64.Build.0 = Debug|Any CPU
		{5CE668F8-7A19-415D-B7F9-8D962A6FA712}.Debug|x86.ActiveCfg = Debug|Any CPU
		{5CE668F8-7A19-415D-B7F9-8D962A6FA712}.Debug|x86.Build.0 = Debug|Any CPU
		{5CE668F8-7A19-415D-B7F9-8D962A6FA712}.Release|Any CPU.ActiveCfg = Release|Any CPU
		{5CE668F8-7A19-415D-B7F9-8D962A6FA712}.Release|Any CPU.Build.0 = Release|Any CPU
		{5CE668F8-7A19-415D-B7F9-8D962A6FA712}.Release|x64.ActiveCfg = Release|Any CPU
		{5CE668F8-7A19-415D-B7F9-8D962A6FA712}.Release|x64.Build.0 = Release|Any CPU
		{5CE668F8-7A19-415D-B7F9-8D962A6FA712}.Release|x86.ActiveCfg = Release|Any CPU
		{5CE668F8-7A19-415D-B7F9-8D962A6FA712}.Release|x86.Build.0 = Release|Any CPU
		{0490FEFA-7317-41DC-92C6-65B4B8CED371}.Debug|Any CPU.ActiveCfg = Debug|Any CPU
		{0490FEFA-7317-41DC-92C6-65B4B8CED371}.Debug|Any CPU.Build.0 = Debug|Any CPU
		{0490FEFA-7317-41DC-92C6-65B4B8CED371}.Debug|x64.ActiveCfg = Debug|Any CPU
		{0490FEFA-7317-41DC-92C6-65B4B8CED371}.Debug|x64.Build.0 = Debug|Any CPU
		{0490FEFA-7317-41DC-92C6-65B4B8CED371}.Debug|x86.ActiveCfg = Debug|Any CPU
		{0490FEFA-7317-41DC-92C6-65B4B8CED371}.Debug|x86.Build.0 = Debug|Any CPU
		{0490FEFA-7317-41DC-92C6-65B4B8CED371}.Release|Any CPU.ActiveCfg = Release|Any CPU
		{0490FEFA-7317-41DC-92C6-65B4B8CED371}.Release|Any CPU.Build.0 = Release|Any CPU
		{0490FEFA-7317-41DC-92C6-65B4B8CED371}.Release|x64.ActiveCfg = Release|Any CPU
		{0490FEFA-7317-41DC-92C6-65B4B8CED371}.Release|x64.Build.0 = Release|Any CPU
		{0490FEFA-7317-41DC-92C6-65B4B8CED371}.Release|x86.ActiveCfg = Release|Any CPU
		{0490FEFA-7317-41DC-92C6-65B4B8CED371}.Release|x86.Build.0 = Release|Any CPU
		{F45292B2-15E7-4235-B351-4E308D0B01EC}.Debug|Any CPU.ActiveCfg = Debug|Any CPU
		{F45292B2-15E7-4235-B351-4E308D0B01EC}.Debug|Any CPU.Build.0 = Debug|Any CPU
		{F45292B2-15E7-4235-B351-4E308D0B01EC}.Debug|x64.ActiveCfg = Debug|Any CPU
		{F45292B2-15E7-4235-B351-4E308D0B01EC}.Debug|x64.Build.0 = Debug|Any CPU
		{F45292B2-15E7-4235-B351-4E308D0B01EC}.Debug|x86.ActiveCfg = Debug|Any CPU
		{F45292B2-15E7-4235-B351-4E308D0B01EC}.Debug|x86.Build.0 = Debug|Any CPU
		{F45292B2-15E7-4235-B351-4E308D0B01EC}.Release|Any CPU.ActiveCfg = Release|Any CPU
		{F45292B2-15E7-4235-B351-4E308D0B01EC}.Release|Any CPU.Build.0 = Release|Any CPU
		{F45292B2-15E7-4235-B351-4E308D0B01EC}.Release|x64.ActiveCfg = Release|Any CPU
		{F45292B2-15E7-4235-B351-4E308D0B01EC}.Release|x64.Build.0 = Release|Any CPU
		{F45292B2-15E7-4235-B351-4E308D0B01EC}.Release|x86.ActiveCfg = Release|Any CPU
		{F45292B2-15E7-4235-B351-4E308D0B01EC}.Release|x86.Build.0 = Release|Any CPU
		{AA3B51EF-0715-4BF7-8FE2-0DED24EC6D43}.Debug|Any CPU.ActiveCfg = Debug|Any CPU
		{AA3B51EF-0715-4BF7-8FE2-0DED24EC6D43}.Debug|Any CPU.Build.0 = Debug|Any CPU
		{AA3B51EF-0715-4BF7-8FE2-0DED24EC6D43}.Debug|x64.ActiveCfg = Debug|Any CPU
		{AA3B51EF-0715-4BF7-8FE2-0DED24EC6D43}.Debug|x64.Build.0 = Debug|Any CPU
		{AA3B51EF-0715-4BF7-8FE2-0DED24EC6D43}.Debug|x86.ActiveCfg = Debug|Any CPU
		{AA3B51EF-0715-4BF7-8FE2-0DED24EC6D43}.Debug|x86.Build.0 = Debug|Any CPU
		{AA3B51EF-0715-4BF7-8FE2-0DED24EC6D43}.Release|Any CPU.ActiveCfg = Release|Any CPU
		{AA3B51EF-0715-4BF7-8FE2-0DED24EC6D43}.Release|Any CPU.Build.0 = Release|Any CPU
		{AA3B51EF-0715-4BF7-8FE2-0DED24EC6D43}.Release|x64.ActiveCfg = Release|Any CPU
		{AA3B51EF-0715-4BF7-8FE2-0DED24EC6D43}.Release|x64.Build.0 = Release|Any CPU
		{AA3B51EF-0715-4BF7-8FE2-0DED24EC6D43}.Release|x86.ActiveCfg = Release|Any CPU
		{AA3B51EF-0715-4BF7-8FE2-0DED24EC6D43}.Release|x86.Build.0 = Release|Any CPU
	EndGlobalSection
	GlobalSection(SolutionProperties) = preSolution
		HideSolutionNode = FALSE
	EndGlobalSection
	GlobalSection(ExtensibilityGlobals) = postSolution
		SolutionGuid = {814780BF-5A46-426C-B53C-35F53BBBD9D3}
	EndGlobalSection
EndGlobal
